
Microsoft Visual Studio Solution File, Format Version 12.00
# Visual Studio 15
VisualStudioVersion = 15.0.27703.2018
MinimumVisualStudioVersion = 10.0.40219.1
Project("{FAE04EC0-301F-11D3-BF4B-00C04F79EFBC}") = "ExoSmsRouter.Api", "ExoSmsRouter.Api\ExoSmsRouter.Api.csproj", "{7BDF6482-D9BE-436F-A3DB-E2CE5415AEF3}"
EndProject
Project("{FAE04EC0-301F-11D3-BF4B-00C04F79EFBC}") = "ExoSmsRouter.UI", "ExoSmsRouter.UI\ExoSmsRouter.UI.csproj", "{B8A1FFE4-2349-4176-AFDB-9C8EF36035CA}"
EndProject
Global
	GlobalSection(SolutionConfigurationPlatforms) = preSolution
		Debug|Any CPU = Debug|Any CPU
		Release|Any CPU = Release|Any CPU
	EndGlobalSection
	GlobalSection(ProjectConfigurationPlatforms) = postSolution
		{7BDF6482-D9BE-436F-A3DB-E2CE5415AEF3}.Debug|Any CPU.ActiveCfg = Debug|Any CPU
		{7BDF6482-D9BE-436F-A3DB-E2CE5415AEF3}.Debug|Any CPU.Build.0 = Debug|Any CPU
		{7BDF6482-D9BE-436F-A3DB-E2CE5415AEF3}.Release|Any CPU.ActiveCfg = Release|Any CPU
		{7BDF6482-D9BE-436F-A3DB-E2CE5415AEF3}.Release|Any CPU.Build.0 = Release|Any CPU
		{B8A1FFE4-2349-4176-AFDB-9C8EF36035CA}.Debug|Any CPU.ActiveCfg = Debug|Any CPU
		{B8A1FFE4-2349-4176-AFDB-9C8EF36035CA}.Debug|Any CPU.Build.0 = Debug|Any CPU
		{B8A1FFE4-2349-4176-AFDB-9C8EF36035CA}.Release|Any CPU.ActiveCfg = Release|Any CPU
		{B8A1FFE4-2349-4176-AFDB-9C8EF36035CA}.Release|Any CPU.Build.0 = Release|Any CPU
	EndGlobalSection
	GlobalSection(SolutionProperties) = preSolution
		HideSolutionNode = FALSE
	EndGlobalSection
	GlobalSection(ExtensibilityGlobals) = postSolution
		SolutionGuid = {97C9C5A0-FD54-4FE9-B625-678567D9ED02}
	EndGlobalSection
EndGlobal
